// !$*UTF8*$!
{
	archiveVersion = 1;
	classes = {
	};
	objectVersion = 56;
	objects = {

/* Begin PBXBuildFile section */
		27B37F27FAE1601C773119E4 /* Pods_QR_Reader.framework in Frameworks */ = {isa = PBXBuildFile; fileRef = 98549218F65AD73193DCB10B /* Pods_QR_Reader.framework */; };
		841296B32C418A17006FB7D5 /* Inter-Regular.ttf in Resources */ = {isa = PBXBuildFile; fileRef = 841296AA2C418A17006FB7D5 /* Inter-Regular.ttf */; };
		841296B42C418A17006FB7D5 /* Inter-Light.ttf in Resources */ = {isa = PBXBuildFile; fileRef = 841296AB2C418A17006FB7D5 /* Inter-Light.ttf */; };
		841296B52C418A17006FB7D5 /* Inter-ExtraLight.ttf in Resources */ = {isa = PBXBuildFile; fileRef = 841296AC2C418A17006FB7D5 /* Inter-ExtraLight.ttf */; };
		841296B62C418A17006FB7D5 /* Inter-Bold.ttf in Resources */ = {isa = PBXBuildFile; fileRef = 841296AD2C418A17006FB7D5 /* Inter-Bold.ttf */; };
		841296B72C418A17006FB7D5 /* Inter-SemiBold.ttf in Resources */ = {isa = PBXBuildFile; fileRef = 841296AE2C418A17006FB7D5 /* Inter-SemiBold.ttf */; };
		841296B82C418A17006FB7D5 /* Inter-Thin.ttf in Resources */ = {isa = PBXBuildFile; fileRef = 841296AF2C418A17006FB7D5 /* Inter-Thin.ttf */; };
		841296B92C418A17006FB7D5 /* Inter-ExtraBold.ttf in Resources */ = {isa = PBXBuildFile; fileRef = 841296B02C418A17006FB7D5 /* Inter-ExtraBold.ttf */; };
		841296BA2C418A17006FB7D5 /* Inter-Medium.ttf in Resources */ = {isa = PBXBuildFile; fileRef = 841296B12C418A17006FB7D5 /* Inter-Medium.ttf */; };
		84BA30012C428B4F00B8B232 /* SettingsViewController.swift in Sources */ = {isa = PBXBuildFile; fileRef = 84BA30002C428B4F00B8B232 /* SettingsViewController.swift */; };
		84BA30042C428E7600B8B232 /* UIViewController.swift in Sources */ = {isa = PBXBuildFile; fileRef = 84BA30032C428E7600B8B232 /* UIViewController.swift */; };
		84BA30082C4290FF00B8B232 /* ActionSheetViewController.swift in Sources */ = {isa = PBXBuildFile; fileRef = 84BA30072C4290FF00B8B232 /* ActionSheetViewController.swift */; };
		84BA300A2C42915800B8B232 /* ActionSheet.storyboard in Resources */ = {isa = PBXBuildFile; fileRef = 84BA30092C42915700B8B232 /* ActionSheet.storyboard */; };
		84BA300C2C4291C500B8B232 /* UIWindow.swift in Sources */ = {isa = PBXBuildFile; fileRef = 84BA300B2C4291C500B8B232 /* UIWindow.swift */; };
		84BA300D2C42959D00B8B232 /* Inter-Black.ttf in Resources */ = {isa = PBXBuildFile; fileRef = 841296B22C418A17006FB7D5 /* Inter-Black.ttf */; };
		84D173A42C3D6E750082C6FC /* AppDelegate.swift in Sources */ = {isa = PBXBuildFile; fileRef = 84D173A32C3D6E750082C6FC /* AppDelegate.swift */; };
		84D173A62C3D6E750082C6FC /* SceneDelegate.swift in Sources */ = {isa = PBXBuildFile; fileRef = 84D173A52C3D6E750082C6FC /* SceneDelegate.swift */; };
		84D173A82C3D6E750082C6FC /* HomeViewController.swift in Sources */ = {isa = PBXBuildFile; fileRef = 84D173A72C3D6E750082C6FC /* HomeViewController.swift */; };
		84D173AB2C3D6E750082C6FC /* Base in Resources */ = {isa = PBXBuildFile; fileRef = 84D173AA2C3D6E750082C6FC /* Base */; };
		84D173AD2C3D6E770082C6FC /* Assets.xcassets in Resources */ = {isa = PBXBuildFile; fileRef = 84D173AC2C3D6E770082C6FC /* Assets.xcassets */; };
		84D173B02C3D6E770082C6FC /* Base in Resources */ = {isa = PBXBuildFile; fileRef = 84D173AF2C3D6E770082C6FC /* Base */; };
		84DAD0EF2C419A69008278F0 /* R.generated.swift in Sources */ = {isa = PBXBuildFile; fileRef = 84DAD0EE2C419A69008278F0 /* R.generated.swift */; };
		84FEA9522C45503E003ED028 /* History.storyboard in Resources */ = {isa = PBXBuildFile; fileRef = 84FEA9512C45503E003ED028 /* History.storyboard */; };
		F38EA6F02C4A37F0004D6303 /* Haptic.swift in Sources */ = {isa = PBXBuildFile; fileRef = F38EA6EF2C4A37F0004D6303 /* Haptic.swift */; };
		F39EC5DE2C469DD100430030 /* OnboardingContentPage.swift in Sources */ = {isa = PBXBuildFile; fileRef = F39EC5DD2C469DD100430030 /* OnboardingContentPage.swift */; };
		F39EC5E12C46AB6400430030 /* QrCodeScannerViewController.swift in Sources */ = {isa = PBXBuildFile; fileRef = F39EC5E02C46AB6400430030 /* QrCodeScannerViewController.swift */; };
		F39EC5E42C46ACF900430030 /* AuthorizationStatus.swift in Sources */ = {isa = PBXBuildFile; fileRef = F39EC5E32C46ACF900430030 /* AuthorizationStatus.swift */; };
		F39EC5E62C46B0DC00430030 /* QrCodeScanner.storyboard in Resources */ = {isa = PBXBuildFile; fileRef = F39EC5E52C46B0DC00430030 /* QrCodeScanner.storyboard */; };
		F3C7ED0D2C52481300491803 /* SubscriptionManager.swift in Sources */ = {isa = PBXBuildFile; fileRef = F3C7ED0C2C52481300491803 /* SubscriptionManager.swift */; };
		F3D788FD2C4B925900D919C4 /* QRScanResultViewController.swift in Sources */ = {isa = PBXBuildFile; fileRef = F3D788FC2C4B925900D919C4 /* QRScanResultViewController.swift */; };
		F3D788FF2C4BB42F00D919C4 /* QRParser.swift in Sources */ = {isa = PBXBuildFile; fileRef = F3D788FE2C4BB42F00D919C4 /* QRParser.swift */; };
		F3D789022C4BEB6D00D919C4 /* OnboardingViewController.swift in Sources */ = {isa = PBXBuildFile; fileRef = F3D789012C4BEB6D00D919C4 /* OnboardingViewController.swift */; };
		F3F149552C48C98800AB7B61 /* QRCreateViewController.swift in Sources */ = {isa = PBXBuildFile; fileRef = F3F149542C48C98800AB7B61 /* QRCreateViewController.swift */; };
		F3F149582C48D63C00AB7B61 /* InputFieldView.swift in Sources */ = {isa = PBXBuildFile; fileRef = F3F149572C48D63C00AB7B61 /* InputFieldView.swift */; };
		F3F1495A2C48D64C00AB7B61 /* QRCodePreviewView.swift in Sources */ = {isa = PBXBuildFile; fileRef = F3F149592C48D64C00AB7B61 /* QRCodePreviewView.swift */; };
		F3F1495C2C48DDCB00AB7B61 /* ColorPickerView.swift in Sources */ = {isa = PBXBuildFile; fileRef = F3F1495B2C48DDCB00AB7B61 /* ColorPickerView.swift */; };
		F3F1495F2C48E57B00AB7B61 /* Storage.swift in Sources */ = {isa = PBXBuildFile; fileRef = F3F1495E2C48E57B00AB7B61 /* Storage.swift */; };
		F3F149622C48E62900AB7B61 /* HistoryViewModel.swift in Sources */ = {isa = PBXBuildFile; fileRef = F3F149612C48E62900AB7B61 /* HistoryViewModel.swift */; };
		F3F149642C48E63D00AB7B61 /* HistoryModels.swift in Sources */ = {isa = PBXBuildFile; fileRef = F3F149632C48E63D00AB7B61 /* HistoryModels.swift */; };
		F3F1496F2C48EB1B00AB7B61 /* HistoryItemTableViewCell.swift in Sources */ = {isa = PBXBuildFile; fileRef = F3F1496E2C48EB1B00AB7B61 /* HistoryItemTableViewCell.swift */; };
		F3F149712C48EB7E00AB7B61 /* HistoryViewController.swift in Sources */ = {isa = PBXBuildFile; fileRef = F3F149702C48EB7E00AB7B61 /* HistoryViewController.swift */; };
		F3F149732C48ED9300AB7B61 /* MainTabController.swift in Sources */ = {isa = PBXBuildFile; fileRef = F3F149722C48ED9300AB7B61 /* MainTabController.swift */; };
		F3F149772C4909B800AB7B61 /* HeaderView.swift in Sources */ = {isa = PBXBuildFile; fileRef = F3F149762C4909B800AB7B61 /* HeaderView.swift */; };
		F3F149792C49240900AB7B61 /* Helpers.swift in Sources */ = {isa = PBXBuildFile; fileRef = F3F149782C49240900AB7B61 /* Helpers.swift */; };
		F3F1497B2C492E1E00AB7B61 /* QRGenerator.swift in Sources */ = {isa = PBXBuildFile; fileRef = F3F1497A2C492E1E00AB7B61 /* QRGenerator.swift */; };
		F3F1497D2C49372000AB7B61 /* QRDataProcessing.swift in Sources */ = {isa = PBXBuildFile; fileRef = F3F1497C2C49372000AB7B61 /* QRDataProcessing.swift */; };
		F3F149802C49539600AB7B61 /* Toast.storyboard in Resources */ = {isa = PBXBuildFile; fileRef = F3F1497F2C49539600AB7B61 /* Toast.storyboard */; };
		F3F149822C4953C800AB7B61 /* ToastViewController.swift in Sources */ = {isa = PBXBuildFile; fileRef = F3F149812C4953C800AB7B61 /* ToastViewController.swift */; };
/* End PBXBuildFile section */

/* Begin PBXFileReference section */
		0321FF61E85A6EDB1ACAB060 /* Pods-QR-ReaderTests.release.xcconfig */ = {isa = PBXFileReference; includeInIndex = 1; lastKnownFileType = text.xcconfig; name = "Pods-QR-ReaderTests.release.xcconfig"; path = "Target Support Files/Pods-QR-ReaderTests/Pods-QR-ReaderTests.release.xcconfig"; sourceTree = "<group>"; };
		12BA7C2156A2433A62446957 /* Pods-QR-Reader.debug.xcconfig */ = {isa = PBXFileReference; includeInIndex = 1; lastKnownFileType = text.xcconfig; name = "Pods-QR-Reader.debug.xcconfig"; path = "Target Support Files/Pods-QR-Reader/Pods-QR-Reader.debug.xcconfig"; sourceTree = "<group>"; };
		1CA66BF975A82A7E98BE98CA /* Pods-QR-Reader-QR-ReaderUITests.release.xcconfig */ = {isa = PBXFileReference; includeInIndex = 1; lastKnownFileType = text.xcconfig; name = "Pods-QR-Reader-QR-ReaderUITests.release.xcconfig"; path = "Target Support Files/Pods-QR-Reader-QR-ReaderUITests/Pods-QR-Reader-QR-ReaderUITests.release.xcconfig"; sourceTree = "<group>"; };
		7D5D1994FDD38AA739640938 /* Pods-QR-Reader-QR-ReaderUITests.debug.xcconfig */ = {isa = PBXFileReference; includeInIndex = 1; lastKnownFileType = text.xcconfig; name = "Pods-QR-Reader-QR-ReaderUITests.debug.xcconfig"; path = "Target Support Files/Pods-QR-Reader-QR-ReaderUITests/Pods-QR-Reader-QR-ReaderUITests.debug.xcconfig"; sourceTree = "<group>"; };
		7ED00C2E8BE2924F7FD82DB6 /* Pods_QR_ReaderTests.framework */ = {isa = PBXFileReference; explicitFileType = wrapper.framework; includeInIndex = 0; path = Pods_QR_ReaderTests.framework; sourceTree = BUILT_PRODUCTS_DIR; };
		80FC8F9FE682ED7DC8D3D8B6 /* Pods_QR_Reader_QR_ReaderUITests.framework */ = {isa = PBXFileReference; explicitFileType = wrapper.framework; includeInIndex = 0; path = Pods_QR_Reader_QR_ReaderUITests.framework; sourceTree = BUILT_PRODUCTS_DIR; };
		841296AA2C418A17006FB7D5 /* Inter-Regular.ttf */ = {isa = PBXFileReference; lastKnownFileType = file; path = "Inter-Regular.ttf"; sourceTree = "<group>"; };
		841296AB2C418A17006FB7D5 /* Inter-Light.ttf */ = {isa = PBXFileReference; lastKnownFileType = file; path = "Inter-Light.ttf"; sourceTree = "<group>"; };
		841296AC2C418A17006FB7D5 /* Inter-ExtraLight.ttf */ = {isa = PBXFileReference; lastKnownFileType = file; path = "Inter-ExtraLight.ttf"; sourceTree = "<group>"; };
		841296AD2C418A17006FB7D5 /* Inter-Bold.ttf */ = {isa = PBXFileReference; lastKnownFileType = file; path = "Inter-Bold.ttf"; sourceTree = "<group>"; };
		841296AE2C418A17006FB7D5 /* Inter-SemiBold.ttf */ = {isa = PBXFileReference; lastKnownFileType = file; path = "Inter-SemiBold.ttf"; sourceTree = "<group>"; };
		841296AF2C418A17006FB7D5 /* Inter-Thin.ttf */ = {isa = PBXFileReference; lastKnownFileType = file; path = "Inter-Thin.ttf"; sourceTree = "<group>"; };
		841296B02C418A17006FB7D5 /* Inter-ExtraBold.ttf */ = {isa = PBXFileReference; lastKnownFileType = file; path = "Inter-ExtraBold.ttf"; sourceTree = "<group>"; };
		841296B12C418A17006FB7D5 /* Inter-Medium.ttf */ = {isa = PBXFileReference; lastKnownFileType = file; path = "Inter-Medium.ttf"; sourceTree = "<group>"; };
		841296B22C418A17006FB7D5 /* Inter-Black.ttf */ = {isa = PBXFileReference; lastKnownFileType = file; path = "Inter-Black.ttf"; sourceTree = "<group>"; };
		84BA30002C428B4F00B8B232 /* SettingsViewController.swift */ = {isa = PBXFileReference; lastKnownFileType = sourcecode.swift; path = SettingsViewController.swift; sourceTree = "<group>"; };
		84BA30032C428E7600B8B232 /* UIViewController.swift */ = {isa = PBXFileReference; lastKnownFileType = sourcecode.swift; path = UIViewController.swift; sourceTree = "<group>"; };
		84BA30072C4290FF00B8B232 /* ActionSheetViewController.swift */ = {isa = PBXFileReference; lastKnownFileType = sourcecode.swift; path = ActionSheetViewController.swift; sourceTree = "<group>"; };
		84BA30092C42915700B8B232 /* ActionSheet.storyboard */ = {isa = PBXFileReference; fileEncoding = 4; lastKnownFileType = file.storyboard; path = ActionSheet.storyboard; sourceTree = "<group>"; };
		84BA300B2C4291C500B8B232 /* UIWindow.swift */ = {isa = PBXFileReference; lastKnownFileType = sourcecode.swift; path = UIWindow.swift; sourceTree = "<group>"; };
		84D173A02C3D6E750082C6FC /* QR-Reader.app */ = {isa = PBXFileReference; explicitFileType = wrapper.application; includeInIndex = 0; path = "QR-Reader.app"; sourceTree = BUILT_PRODUCTS_DIR; };
		84D173A32C3D6E750082C6FC /* AppDelegate.swift */ = {isa = PBXFileReference; lastKnownFileType = sourcecode.swift; path = AppDelegate.swift; sourceTree = "<group>"; };
		84D173A52C3D6E750082C6FC /* SceneDelegate.swift */ = {isa = PBXFileReference; lastKnownFileType = sourcecode.swift; path = SceneDelegate.swift; sourceTree = "<group>"; };
		84D173A72C3D6E750082C6FC /* HomeViewController.swift */ = {isa = PBXFileReference; lastKnownFileType = sourcecode.swift; path = HomeViewController.swift; sourceTree = "<group>"; };
		84D173AA2C3D6E750082C6FC /* Base */ = {isa = PBXFileReference; lastKnownFileType = file.storyboard; name = Base; path = Base.lproj/Main.storyboard; sourceTree = "<group>"; };
		84D173AC2C3D6E770082C6FC /* Assets.xcassets */ = {isa = PBXFileReference; lastKnownFileType = folder.assetcatalog; path = Assets.xcassets; sourceTree = "<group>"; };
		84D173AF2C3D6E770082C6FC /* Base */ = {isa = PBXFileReference; lastKnownFileType = file.storyboard; name = Base; path = Base.lproj/LaunchScreen.storyboard; sourceTree = "<group>"; };
		84D173B12C3D6E770082C6FC /* Info.plist */ = {isa = PBXFileReference; lastKnownFileType = text.plist.xml; path = Info.plist; sourceTree = "<group>"; };
		84D173BA2C3D6E770082C6FC /* QR_ReaderTests.swift */ = {isa = PBXFileReference; lastKnownFileType = sourcecode.swift; path = QR_ReaderTests.swift; sourceTree = "<group>"; };
		84D173C42C3D6E770082C6FC /* QR_ReaderUITests.swift */ = {isa = PBXFileReference; lastKnownFileType = sourcecode.swift; path = QR_ReaderUITests.swift; sourceTree = "<group>"; };
		84D173C62C3D6E770082C6FC /* QR_ReaderUITestsLaunchTests.swift */ = {isa = PBXFileReference; lastKnownFileType = sourcecode.swift; path = QR_ReaderUITestsLaunchTests.swift; sourceTree = "<group>"; };
		84DAD0EE2C419A69008278F0 /* R.generated.swift */ = {isa = PBXFileReference; fileEncoding = 4; lastKnownFileType = sourcecode.swift; path = R.generated.swift; sourceTree = SOURCE_ROOT; };
		84FEA9512C45503E003ED028 /* History.storyboard */ = {isa = PBXFileReference; lastKnownFileType = file.storyboard; path = History.storyboard; sourceTree = "<group>"; };
		98549218F65AD73193DCB10B /* Pods_QR_Reader.framework */ = {isa = PBXFileReference; explicitFileType = wrapper.framework; includeInIndex = 0; path = Pods_QR_Reader.framework; sourceTree = BUILT_PRODUCTS_DIR; };
		BD9EE46DE5CC106D28718D51 /* Pods-QR-Reader.release.xcconfig */ = {isa = PBXFileReference; includeInIndex = 1; lastKnownFileType = text.xcconfig; name = "Pods-QR-Reader.release.xcconfig"; path = "Target Support Files/Pods-QR-Reader/Pods-QR-Reader.release.xcconfig"; sourceTree = "<group>"; };
		EDA535DEF9E51DB93F1FE5CF /* Pods-QR-ReaderTests.debug.xcconfig */ = {isa = PBXFileReference; includeInIndex = 1; lastKnownFileType = text.xcconfig; name = "Pods-QR-ReaderTests.debug.xcconfig"; path = "Target Support Files/Pods-QR-ReaderTests/Pods-QR-ReaderTests.debug.xcconfig"; sourceTree = "<group>"; };
		F38EA6EF2C4A37F0004D6303 /* Haptic.swift */ = {isa = PBXFileReference; lastKnownFileType = sourcecode.swift; path = Haptic.swift; sourceTree = "<group>"; };
		F39EC5DD2C469DD100430030 /* OnboardingContentPage.swift */ = {isa = PBXFileReference; lastKnownFileType = sourcecode.swift; path = OnboardingContentPage.swift; sourceTree = "<group>"; };
		F39EC5E02C46AB6400430030 /* QrCodeScannerViewController.swift */ = {isa = PBXFileReference; lastKnownFileType = sourcecode.swift; path = QrCodeScannerViewController.swift; sourceTree = "<group>"; };
		F39EC5E32C46ACF900430030 /* AuthorizationStatus.swift */ = {isa = PBXFileReference; lastKnownFileType = sourcecode.swift; path = AuthorizationStatus.swift; sourceTree = "<group>"; };
		F39EC5E52C46B0DC00430030 /* QrCodeScanner.storyboard */ = {isa = PBXFileReference; lastKnownFileType = file.storyboard; path = QrCodeScanner.storyboard; sourceTree = "<group>"; };
		F3C7ED0C2C52481300491803 /* SubscriptionManager.swift */ = {isa = PBXFileReference; lastKnownFileType = sourcecode.swift; path = SubscriptionManager.swift; sourceTree = "<group>"; };
		F3D788FC2C4B925900D919C4 /* QRScanResultViewController.swift */ = {isa = PBXFileReference; lastKnownFileType = sourcecode.swift; path = QRScanResultViewController.swift; sourceTree = "<group>"; };
		F3D788FE2C4BB42F00D919C4 /* QRParser.swift */ = {isa = PBXFileReference; lastKnownFileType = sourcecode.swift; path = QRParser.swift; sourceTree = "<group>"; };
		F3D789012C4BEB6D00D919C4 /* OnboardingViewController.swift */ = {isa = PBXFileReference; lastKnownFileType = sourcecode.swift; path = OnboardingViewController.swift; sourceTree = "<group>"; };
		F3F149542C48C98800AB7B61 /* QRCreateViewController.swift */ = {isa = PBXFileReference; lastKnownFileType = sourcecode.swift; path = QRCreateViewController.swift; sourceTree = "<group>"; };
		F3F149572C48D63C00AB7B61 /* InputFieldView.swift */ = {isa = PBXFileReference; lastKnownFileType = sourcecode.swift; path = InputFieldView.swift; sourceTree = "<group>"; };
		F3F149592C48D64C00AB7B61 /* QRCodePreviewView.swift */ = {isa = PBXFileReference; lastKnownFileType = sourcecode.swift; path = QRCodePreviewView.swift; sourceTree = "<group>"; };
		F3F1495B2C48DDCB00AB7B61 /* ColorPickerView.swift */ = {isa = PBXFileReference; lastKnownFileType = sourcecode.swift; path = ColorPickerView.swift; sourceTree = "<group>"; };
		F3F1495E2C48E57B00AB7B61 /* Storage.swift */ = {isa = PBXFileReference; lastKnownFileType = sourcecode.swift; path = Storage.swift; sourceTree = "<group>"; };
		F3F149612C48E62900AB7B61 /* HistoryViewModel.swift */ = {isa = PBXFileReference; lastKnownFileType = sourcecode.swift; path = HistoryViewModel.swift; sourceTree = "<group>"; };
		F3F149632C48E63D00AB7B61 /* HistoryModels.swift */ = {isa = PBXFileReference; lastKnownFileType = sourcecode.swift; path = HistoryModels.swift; sourceTree = "<group>"; };
		F3F1496E2C48EB1B00AB7B61 /* HistoryItemTableViewCell.swift */ = {isa = PBXFileReference; lastKnownFileType = sourcecode.swift; path = HistoryItemTableViewCell.swift; sourceTree = "<group>"; };
		F3F149702C48EB7E00AB7B61 /* HistoryViewController.swift */ = {isa = PBXFileReference; lastKnownFileType = sourcecode.swift; path = HistoryViewController.swift; sourceTree = "<group>"; };
		F3F149722C48ED9300AB7B61 /* MainTabController.swift */ = {isa = PBXFileReference; lastKnownFileType = sourcecode.swift; path = MainTabController.swift; sourceTree = "<group>"; };
		F3F149762C4909B800AB7B61 /* HeaderView.swift */ = {isa = PBXFileReference; lastKnownFileType = sourcecode.swift; path = HeaderView.swift; sourceTree = "<group>"; };
		F3F149782C49240900AB7B61 /* Helpers.swift */ = {isa = PBXFileReference; lastKnownFileType = sourcecode.swift; path = Helpers.swift; sourceTree = "<group>"; };
		F3F1497A2C492E1E00AB7B61 /* QRGenerator.swift */ = {isa = PBXFileReference; lastKnownFileType = sourcecode.swift; path = QRGenerator.swift; sourceTree = "<group>"; };
		F3F1497C2C49372000AB7B61 /* QRDataProcessing.swift */ = {isa = PBXFileReference; lastKnownFileType = sourcecode.swift; path = QRDataProcessing.swift; sourceTree = "<group>"; };
		F3F1497F2C49539600AB7B61 /* Toast.storyboard */ = {isa = PBXFileReference; lastKnownFileType = file.storyboard; path = Toast.storyboard; sourceTree = "<group>"; };
		F3F149812C4953C800AB7B61 /* ToastViewController.swift */ = {isa = PBXFileReference; lastKnownFileType = sourcecode.swift; path = ToastViewController.swift; sourceTree = "<group>"; };
/* End PBXFileReference section */

/* Begin PBXFrameworksBuildPhase section */
		84D1739D2C3D6E750082C6FC /* Frameworks */ = {
			isa = PBXFrameworksBuildPhase;
			buildActionMask = 2147483647;
			files = (
				27B37F27FAE1601C773119E4 /* Pods_QR_Reader.framework in Frameworks */,
			);
			runOnlyForDeploymentPostprocessing = 0;
		};
/* End PBXFrameworksBuildPhase section */

/* Begin PBXGroup section */
		2ECF204705EC0720338F39D5 /* Pods */ = {
			isa = PBXGroup;
			children = (
				12BA7C2156A2433A62446957 /* Pods-QR-Reader.debug.xcconfig */,
				BD9EE46DE5CC106D28718D51 /* Pods-QR-Reader.release.xcconfig */,
				7D5D1994FDD38AA739640938 /* Pods-QR-Reader-QR-ReaderUITests.debug.xcconfig */,
				1CA66BF975A82A7E98BE98CA /* Pods-QR-Reader-QR-ReaderUITests.release.xcconfig */,
				EDA535DEF9E51DB93F1FE5CF /* Pods-QR-ReaderTests.debug.xcconfig */,
				0321FF61E85A6EDB1ACAB060 /* Pods-QR-ReaderTests.release.xcconfig */,
			);
			path = Pods;
			sourceTree = "<group>";
		};
		843D44B82C3EBC73007522EC /* fonts */ = {
			isa = PBXGroup;
			children = (
				841296B22C418A17006FB7D5 /* Inter-Black.ttf */,
				841296AD2C418A17006FB7D5 /* Inter-Bold.ttf */,
				841296B02C418A17006FB7D5 /* Inter-ExtraBold.ttf */,
				841296AC2C418A17006FB7D5 /* Inter-ExtraLight.ttf */,
				841296AB2C418A17006FB7D5 /* Inter-Light.ttf */,
				841296B12C418A17006FB7D5 /* Inter-Medium.ttf */,
				841296AA2C418A17006FB7D5 /* Inter-Regular.ttf */,
				841296AE2C418A17006FB7D5 /* Inter-SemiBold.ttf */,
				841296AF2C418A17006FB7D5 /* Inter-Thin.ttf */,
			);
			path = fonts;
			sourceTree = "<group>";
		};
		84BA30022C428B5500B8B232 /* Settings */ = {
			isa = PBXGroup;
			children = (
				84BA30002C428B4F00B8B232 /* SettingsViewController.swift */,
			);
			path = Settings;
			sourceTree = "<group>";
		};
		84BA30052C428E7A00B8B232 /* Extension */ = {
			isa = PBXGroup;
			children = (
				84BA30032C428E7600B8B232 /* UIViewController.swift */,
				84BA300B2C4291C500B8B232 /* UIWindow.swift */,
			);
			path = Extension;
			sourceTree = "<group>";
		};
		84BA30062C428F8400B8B232 /* Home */ = {
			isa = PBXGroup;
			children = (
				84D173A72C3D6E750082C6FC /* HomeViewController.swift */,
				84D173A92C3D6E750082C6FC /* Main.storyboard */,
				F3F149722C48ED9300AB7B61 /* MainTabController.swift */,
			);
			path = Home;
			sourceTree = "<group>";
		};
		84C190BB2C429DF600F3C846 /* ActionSheet */ = {
			isa = PBXGroup;
			children = (
				84BA30072C4290FF00B8B232 /* ActionSheetViewController.swift */,
				84BA30092C42915700B8B232 /* ActionSheet.storyboard */,
			);
			path = ActionSheet;
			sourceTree = "<group>";
		};
		84D173972C3D6E750082C6FC = {
			isa = PBXGroup;
			children = (
				84D173A22C3D6E750082C6FC /* QR-Reader */,
				84D173B92C3D6E770082C6FC /* QR-ReaderTests */,
				84D173C32C3D6E770082C6FC /* QR-ReaderUITests */,
				84D173A12C3D6E750082C6FC /* Products */,
				2ECF204705EC0720338F39D5 /* Pods */,
				98080A3601E65C8A1A1592BC /* Frameworks */,
			);
			sourceTree = "<group>";
		};
		84D173A12C3D6E750082C6FC /* Products */ = {
			isa = PBXGroup;
			children = (
				84D173A02C3D6E750082C6FC /* QR-Reader.app */,
			);
			name = Products;
			sourceTree = "<group>";
		};
		84D173A22C3D6E750082C6FC /* QR-Reader */ = {
			isa = PBXGroup;
			children = (
				84D173A32C3D6E750082C6FC /* AppDelegate.swift */,
				84D173A52C3D6E750082C6FC /* SceneDelegate.swift */,
				84DC11F42C418EC8002128D0 /* Onboarding */,
				84BA30062C428F8400B8B232 /* Home */,
				84FEA9532C455048003ED028 /* History */,
				84BA30022C428B5500B8B232 /* Settings */,
				84C190BB2C429DF600F3C846 /* ActionSheet */,
				F3F149532C48C96F00AB7B61 /* Create */,
				F39EC5DF2C46AB4F00430030 /* Scan */,
				F3D788FB2C4B924000D919C4 /* ScanResult */,
				F39EC5E22C46ACDA00430030 /* Utils */,
				84D173AC2C3D6E770082C6FC /* Assets.xcassets */,
				84D173AE2C3D6E770082C6FC /* LaunchScreen.storyboard */,
				84D173B12C3D6E770082C6FC /* Info.plist */,
				84DAD0EE2C419A69008278F0 /* R.generated.swift */,
				84BA30052C428E7A00B8B232 /* Extension */,
				843D44B82C3EBC73007522EC /* fonts */,
			);
			path = "QR-Reader";
			sourceTree = "<group>";
		};
		84D173B92C3D6E770082C6FC /* QR-ReaderTests */ = {
			isa = PBXGroup;
			children = (
				84D173BA2C3D6E770082C6FC /* QR_ReaderTests.swift */,
			);
			path = "QR-ReaderTests";
			sourceTree = "<group>";
		};
		84D173C32C3D6E770082C6FC /* QR-ReaderUITests */ = {
			isa = PBXGroup;
			children = (
				84D173C42C3D6E770082C6FC /* QR_ReaderUITests.swift */,
				84D173C62C3D6E770082C6FC /* QR_ReaderUITestsLaunchTests.swift */,
			);
			path = "QR-ReaderUITests";
			sourceTree = "<group>";
		};
		84DC11F42C418EC8002128D0 /* Onboarding */ = {
			isa = PBXGroup;
			children = (
				F39EC5DD2C469DD100430030 /* OnboardingContentPage.swift */,
				F3D789012C4BEB6D00D919C4 /* OnboardingViewController.swift */,
			);
			path = Onboarding;
			sourceTree = "<group>";
		};
		84FEA9532C455048003ED028 /* History */ = {
			isa = PBXGroup;
			children = (
				F3F1496A2C48E9B800AB7B61 /* Assembly */,
				F3F149602C48E61700AB7B61 /* DataSource */,
				F3F1496D2C48EB0700AB7B61 /* Cell */,
				84FEA9512C45503E003ED028 /* History.storyboard */,
				F3F149702C48EB7E00AB7B61 /* HistoryViewController.swift */,
			);
			path = History;
			sourceTree = "<group>";
		};
		98080A3601E65C8A1A1592BC /* Frameworks */ = {
			isa = PBXGroup;
			children = (
				98549218F65AD73193DCB10B /* Pods_QR_Reader.framework */,
				80FC8F9FE682ED7DC8D3D8B6 /* Pods_QR_Reader_QR_ReaderUITests.framework */,
				7ED00C2E8BE2924F7FD82DB6 /* Pods_QR_ReaderTests.framework */,
			);
			name = Frameworks;
			sourceTree = "<group>";
		};
		F39EC5DF2C46AB4F00430030 /* Scan */ = {
			isa = PBXGroup;
			children = (
				F39EC5E02C46AB6400430030 /* QrCodeScannerViewController.swift */,
				F39EC5E52C46B0DC00430030 /* QrCodeScanner.storyboard */,
			);
			path = Scan;
			sourceTree = "<group>";
		};
		F39EC5E22C46ACDA00430030 /* Utils */ = {
			isa = PBXGroup;
			children = (
				F3F1497E2C49536500AB7B61 /* ToastView */,
				F39EC5E32C46ACF900430030 /* AuthorizationStatus.swift */,
				F3F1495E2C48E57B00AB7B61 /* Storage.swift */,
				F3F149782C49240900AB7B61 /* Helpers.swift */,
				F3F1497A2C492E1E00AB7B61 /* QRGenerator.swift */,
				F3D788FE2C4BB42F00D919C4 /* QRParser.swift */,
				F3C7ED0C2C52481300491803 /* SubscriptionManager.swift */,
			);
			path = Utils;
			sourceTree = "<group>";
		};
		F3D788FB2C4B924000D919C4 /* ScanResult */ = {
			isa = PBXGroup;
			children = (
				F3D788FC2C4B925900D919C4 /* QRScanResultViewController.swift */,
			);
			path = ScanResult;
			sourceTree = "<group>";
		};
		F3F149532C48C96F00AB7B61 /* Create */ = {
			isa = PBXGroup;
			children = (
				F3F149562C48D62F00AB7B61 /* Subviews */,
				F3F149542C48C98800AB7B61 /* QRCreateViewController.swift */,
				F3F1497C2C49372000AB7B61 /* QRDataProcessing.swift */,
			);
			path = Create;
			sourceTree = "<group>";
		};
		F3F149562C48D62F00AB7B61 /* Subviews */ = {
			isa = PBXGroup;
			children = (
				F3F149572C48D63C00AB7B61 /* InputFieldView.swift */,
				F3F149592C48D64C00AB7B61 /* QRCodePreviewView.swift */,
				F3F1495B2C48DDCB00AB7B61 /* ColorPickerView.swift */,
			);
			path = Subviews;
			sourceTree = "<group>";
		};
		F3F149602C48E61700AB7B61 /* DataSource */ = {
			isa = PBXGroup;
			children = (
				F3F149612C48E62900AB7B61 /* HistoryViewModel.swift */,
				F3F149632C48E63D00AB7B61 /* HistoryModels.swift */,
			);
			path = DataSource;
			sourceTree = "<group>";
		};
		F3F1496A2C48E9B800AB7B61 /* Assembly */ = {
			isa = PBXGroup;
			children = (
			);
			path = Assembly;
			sourceTree = "<group>";
		};
		F3F1496D2C48EB0700AB7B61 /* Cell */ = {
			isa = PBXGroup;
			children = (
				F3F1496E2C48EB1B00AB7B61 /* HistoryItemTableViewCell.swift */,
				F3F149762C4909B800AB7B61 /* HeaderView.swift */,
			);
			path = Cell;
			sourceTree = "<group>";
		};
		F3F1497E2C49536500AB7B61 /* ToastView */ = {
			isa = PBXGroup;
			children = (
				F3F1497F2C49539600AB7B61 /* Toast.storyboard */,
				F3F149812C4953C800AB7B61 /* ToastViewController.swift */,
				F38EA6EF2C4A37F0004D6303 /* Haptic.swift */,
			);
			path = ToastView;
			sourceTree = "<group>";
		};
/* End PBXGroup section */

/* Begin PBXNativeTarget section */
		84D1739F2C3D6E750082C6FC /* QR-Reader */ = {
			isa = PBXNativeTarget;
			buildConfigurationList = 84D173CA2C3D6E770082C6FC /* Build configuration list for PBXNativeTarget "QR-Reader" */;
			buildPhases = (
				3B59E6656D1B804BEC7A4EC3 /* [CP] Check Pods Manifest.lock */,
				84DAD0ED2C419A22008278F0 /* ShellScript */,
				84D1739C2C3D6E750082C6FC /* Sources */,
				84D1739D2C3D6E750082C6FC /* Frameworks */,
				84D1739E2C3D6E750082C6FC /* Resources */,
				2F26321883544CCDDADC3CC7 /* [CP] Embed Pods Frameworks */,
			);
			buildRules = (
			);
			dependencies = (
			);
			name = "QR-Reader";
			productName = "QR-Reader";
			productReference = 84D173A02C3D6E750082C6FC /* QR-Reader.app */;
			productType = "com.apple.product-type.application";
		};
/* End PBXNativeTarget section */

/* Begin PBXProject section */
		84D173982C3D6E750082C6FC /* Project object */ = {
			isa = PBXProject;
			attributes = {
				BuildIndependentTargetsInParallel = 1;
				LastSwiftUpdateCheck = 1540;
				LastUpgradeCheck = 1540;
				TargetAttributes = {
					84D1739F2C3D6E750082C6FC = {
						CreatedOnToolsVersion = 15.4;
					};
				};
			};
			buildConfigurationList = 84D1739B2C3D6E750082C6FC /* Build configuration list for PBXProject "QR-Reader" */;
			compatibilityVersion = "Xcode 14.0";
			developmentRegion = en;
			hasScannedForEncodings = 0;
			knownRegions = (
				en,
				Base,
			);
			mainGroup = 84D173972C3D6E750082C6FC;
			productRefGroup = 84D173A12C3D6E750082C6FC /* Products */;
			projectDirPath = "";
			projectRoot = "";
			targets = (
				84D1739F2C3D6E750082C6FC /* QR-Reader */,
			);
		};
/* End PBXProject section */

/* Begin PBXResourcesBuildPhase section */
		84D1739E2C3D6E750082C6FC /* Resources */ = {
			isa = PBXResourcesBuildPhase;
			buildActionMask = 2147483647;
			files = (
				84D173AD2C3D6E770082C6FC /* Assets.xcassets in Resources */,
				84BA300A2C42915800B8B232 /* ActionSheet.storyboard in Resources */,
				841296B92C418A17006FB7D5 /* Inter-ExtraBold.ttf in Resources */,
				841296B32C418A17006FB7D5 /* Inter-Regular.ttf in Resources */,
				841296B62C418A17006FB7D5 /* Inter-Bold.ttf in Resources */,
				841296B72C418A17006FB7D5 /* Inter-SemiBold.ttf in Resources */,
				F39EC5E62C46B0DC00430030 /* QrCodeScanner.storyboard in Resources */,
				841296B52C418A17006FB7D5 /* Inter-ExtraLight.ttf in Resources */,
				84D173B02C3D6E770082C6FC /* Base in Resources */,
				841296BA2C418A17006FB7D5 /* Inter-Medium.ttf in Resources */,
				F3F149802C49539600AB7B61 /* Toast.storyboard in Resources */,
				84FEA9522C45503E003ED028 /* History.storyboard in Resources */,
				841296B42C418A17006FB7D5 /* Inter-Light.ttf in Resources */,
				841296B82C418A17006FB7D5 /* Inter-Thin.ttf in Resources */,
				84D173AB2C3D6E750082C6FC /* Base in Resources */,
				84BA300D2C42959D00B8B232 /* Inter-Black.ttf in Resources */,
			);
			runOnlyForDeploymentPostprocessing = 0;
		};
/* End PBXResourcesBuildPhase section */

/* Begin PBXShellScriptBuildPhase section */
		2F26321883544CCDDADC3CC7 /* [CP] Embed Pods Frameworks */ = {
			isa = PBXShellScriptBuildPhase;
			buildActionMask = 2147483647;
			files = (
			);
			inputFileListPaths = (
				"${PODS_ROOT}/Target Support Files/Pods-QR-Reader/Pods-QR-Reader-frameworks-${CONFIGURATION}-input-files.xcfilelist",
			);
			name = "[CP] Embed Pods Frameworks";
			outputFileListPaths = (
				"${PODS_ROOT}/Target Support Files/Pods-QR-Reader/Pods-QR-Reader-frameworks-${CONFIGURATION}-output-files.xcfilelist",
			);
			runOnlyForDeploymentPostprocessing = 0;
			shellPath = /bin/sh;
			shellScript = "\"${PODS_ROOT}/Target Support Files/Pods-QR-Reader/Pods-QR-Reader-frameworks.sh\"\n";
			showEnvVarsInLog = 0;
		};
		3B59E6656D1B804BEC7A4EC3 /* [CP] Check Pods Manifest.lock */ = {
			isa = PBXShellScriptBuildPhase;
			buildActionMask = 2147483647;
			files = (
			);
			inputFileListPaths = (
			);
			inputPaths = (
				"${PODS_PODFILE_DIR_PATH}/Podfile.lock",
				"${PODS_ROOT}/Manifest.lock",
			);
			name = "[CP] Check Pods Manifest.lock";
			outputFileListPaths = (
			);
			outputPaths = (
				"$(DERIVED_FILE_DIR)/Pods-QR-Reader-checkManifestLockResult.txt",
			);
			runOnlyForDeploymentPostprocessing = 0;
			shellPath = /bin/sh;
			shellScript = "diff \"${PODS_PODFILE_DIR_PATH}/Podfile.lock\" \"${PODS_ROOT}/Manifest.lock\" > /dev/null\nif [ $? != 0 ] ; then\n    # print error to STDERR\n    echo \"error: The sandbox is not in sync with the Podfile.lock. Run 'pod install' or update your CocoaPods installation.\" >&2\n    exit 1\nfi\n# This output is used by Xcode 'outputs' to avoid re-running this script phase.\necho \"SUCCESS\" > \"${SCRIPT_OUTPUT_FILE_0}\"\n";
			showEnvVarsInLog = 0;
		};
		84DAD0ED2C419A22008278F0 /* ShellScript */ = {
			isa = PBXShellScriptBuildPhase;
			alwaysOutOfDate = 1;
			buildActionMask = 2147483647;
			files = (
			);
			inputFileListPaths = (
			);
			inputPaths = (
			);
			outputFileListPaths = (
			);
			outputPaths = (
				$SRCROOT/R.generated.swift,
			);
			runOnlyForDeploymentPostprocessing = 0;
			shellPath = /bin/sh;
			shellScript = "# Type a script or drag a script file from your workspace to insert its path.\n\"$PODS_ROOT/R.swift/rswift\" generate \"$SRCROOT/R.generated.swift\"\n";
		};
/* End PBXShellScriptBuildPhase section */

/* Begin PBXSourcesBuildPhase section */
		84D1739C2C3D6E750082C6FC /* Sources */ = {
			isa = PBXSourcesBuildPhase;
			buildActionMask = 2147483647;
			files = (
				F3F149552C48C98800AB7B61 /* QRCreateViewController.swift in Sources */,
				84D173A82C3D6E750082C6FC /* HomeViewController.swift in Sources */,
				84BA30042C428E7600B8B232 /* UIViewController.swift in Sources */,
				F3F149732C48ED9300AB7B61 /* MainTabController.swift in Sources */,
				F39EC5E42C46ACF900430030 /* AuthorizationStatus.swift in Sources */,
				F3F1497B2C492E1E00AB7B61 /* QRGenerator.swift in Sources */,
				F3F149822C4953C800AB7B61 /* ToastViewController.swift in Sources */,
				84BA30012C428B4F00B8B232 /* SettingsViewController.swift in Sources */,
				F39EC5DE2C469DD100430030 /* OnboardingContentPage.swift in Sources */,
				F3C7ED0D2C52481300491803 /* SubscriptionManager.swift in Sources */,
				F3F149582C48D63C00AB7B61 /* InputFieldView.swift in Sources */,
				84D173A42C3D6E750082C6FC /* AppDelegate.swift in Sources */,
				F3D788FF2C4BB42F00D919C4 /* QRParser.swift in Sources */,
				F3F1497D2C49372000AB7B61 /* QRDataProcessing.swift in Sources */,
				F39EC5E12C46AB6400430030 /* QrCodeScannerViewController.swift in Sources */,
				F3F1495C2C48DDCB00AB7B61 /* ColorPickerView.swift in Sources */,
				84BA300C2C4291C500B8B232 /* UIWindow.swift in Sources */,
				84D173A62C3D6E750082C6FC /* SceneDelegate.swift in Sources */,
				84DAD0EF2C419A69008278F0 /* R.generated.swift in Sources */,
				F3F149772C4909B800AB7B61 /* HeaderView.swift in Sources */,
				F3F149622C48E62900AB7B61 /* HistoryViewModel.swift in Sources */,
				F3F1495A2C48D64C00AB7B61 /* QRCodePreviewView.swift in Sources */,
				F3F149712C48EB7E00AB7B61 /* HistoryViewController.swift in Sources */,
				F3F149642C48E63D00AB7B61 /* HistoryModels.swift in Sources */,
				F3F149792C49240900AB7B61 /* Helpers.swift in Sources */,
				F3D788FD2C4B925900D919C4 /* QRScanResultViewController.swift in Sources */,
				84BA30082C4290FF00B8B232 /* ActionSheetViewController.swift in Sources */,
				F3F1496F2C48EB1B00AB7B61 /* HistoryItemTableViewCell.swift in Sources */,
				F3D789022C4BEB6D00D919C4 /* OnboardingViewController.swift in Sources */,
				F38EA6F02C4A37F0004D6303 /* Haptic.swift in Sources */,
				F3F1495F2C48E57B00AB7B61 /* Storage.swift in Sources */,
			);
			runOnlyForDeploymentPostprocessing = 0;
		};
/* End PBXSourcesBuildPhase section */

/* Begin PBXVariantGroup section */
		84D173A92C3D6E750082C6FC /* Main.storyboard */ = {
			isa = PBXVariantGroup;
			children = (
				84D173AA2C3D6E750082C6FC /* Base */,
			);
			name = Main.storyboard;
			sourceTree = "<group>";
		};
		84D173AE2C3D6E770082C6FC /* LaunchScreen.storyboard */ = {
			isa = PBXVariantGroup;
			children = (
				84D173AF2C3D6E770082C6FC /* Base */,
			);
			name = LaunchScreen.storyboard;
			sourceTree = "<group>";
		};
/* End PBXVariantGroup section */

/* Begin XCBuildConfiguration section */
		84D173C82C3D6E770082C6FC /* Debug */ = {
			isa = XCBuildConfiguration;
			buildSettings = {
				ALWAYS_SEARCH_USER_PATHS = NO;
				ASSETCATALOG_COMPILER_GENERATE_SWIFT_ASSET_SYMBOL_EXTENSIONS = YES;
				CLANG_ANALYZER_NONNULL = YES;
				CLANG_ANALYZER_NUMBER_OBJECT_CONVERSION = YES_AGGRESSIVE;
				CLANG_CXX_LANGUAGE_STANDARD = "gnu++20";
				CLANG_ENABLE_MODULES = YES;
				CLANG_ENABLE_OBJC_ARC = YES;
				CLANG_ENABLE_OBJC_WEAK = YES;
				CLANG_WARN_BLOCK_CAPTURE_AUTORELEASING = YES;
				CLANG_WARN_BOOL_CONVERSION = YES;
				CLANG_WARN_COMMA = YES;
				CLANG_WARN_CONSTANT_CONVERSION = YES;
				CLANG_WARN_DEPRECATED_OBJC_IMPLEMENTATIONS = YES;
				CLANG_WARN_DIRECT_OBJC_ISA_USAGE = YES_ERROR;
				CLANG_WARN_DOCUMENTATION_COMMENTS = YES;
				CLANG_WARN_EMPTY_BODY = YES;
				CLANG_WARN_ENUM_CONVERSION = YES;
				CLANG_WARN_INFINITE_RECURSION = YES;
				CLANG_WARN_INT_CONVERSION = YES;
				CLANG_WARN_NON_LITERAL_NULL_CONVERSION = YES;
				CLANG_WARN_OBJC_IMPLICIT_RETAIN_SELF = YES;
				CLANG_WARN_OBJC_LITERAL_CONVERSION = YES;
				CLANG_WARN_OBJC_ROOT_CLASS = YES_ERROR;
				CLANG_WARN_QUOTED_INCLUDE_IN_FRAMEWORK_HEADER = YES;
				CLANG_WARN_RANGE_LOOP_ANALYSIS = YES;
				CLANG_WARN_STRICT_PROTOTYPES = YES;
				CLANG_WARN_SUSPICIOUS_MOVE = YES;
				CLANG_WARN_UNGUARDED_AVAILABILITY = YES_AGGRESSIVE;
				CLANG_WARN_UNREACHABLE_CODE = YES;
				CLANG_WARN__DUPLICATE_METHOD_MATCH = YES;
				COPY_PHASE_STRIP = NO;
				DEBUG_INFORMATION_FORMAT = dwarf;
				ENABLE_STRICT_OBJC_MSGSEND = YES;
				ENABLE_TESTABILITY = YES;
				ENABLE_USER_SCRIPT_SANDBOXING = YES;
				GCC_C_LANGUAGE_STANDARD = gnu17;
				GCC_DYNAMIC_NO_PIC = NO;
				GCC_NO_COMMON_BLOCKS = YES;
				GCC_OPTIMIZATION_LEVEL = 0;
				GCC_PREPROCESSOR_DEFINITIONS = (
					"DEBUG=1",
					"$(inherited)",
				);
				GCC_WARN_64_TO_32_BIT_CONVERSION = YES;
				GCC_WARN_ABOUT_RETURN_TYPE = YES_ERROR;
				GCC_WARN_UNDECLARED_SELECTOR = YES;
				GCC_WARN_UNINITIALIZED_AUTOS = YES_AGGRESSIVE;
				GCC_WARN_UNUSED_FUNCTION = YES;
				GCC_WARN_UNUSED_VARIABLE = YES;
				IPHONEOS_DEPLOYMENT_TARGET = 17.5;
				LOCALIZATION_PREFERS_STRING_CATALOGS = YES;
				MTL_ENABLE_DEBUG_INFO = INCLUDE_SOURCE;
				MTL_FAST_MATH = YES;
				ONLY_ACTIVE_ARCH = YES;
				SDKROOT = iphoneos;
				SWIFT_ACTIVE_COMPILATION_CONDITIONS = "DEBUG $(inherited)";
				SWIFT_OPTIMIZATION_LEVEL = "-Onone";
			};
			name = Debug;
		};
		84D173C92C3D6E770082C6FC /* Release */ = {
			isa = XCBuildConfiguration;
			buildSettings = {
				ALWAYS_SEARCH_USER_PATHS = NO;
				ASSETCATALOG_COMPILER_GENERATE_SWIFT_ASSET_SYMBOL_EXTENSIONS = YES;
				CLANG_ANALYZER_NONNULL = YES;
				CLANG_ANALYZER_NUMBER_OBJECT_CONVERSION = YES_AGGRESSIVE;
				CLANG_CXX_LANGUAGE_STANDARD = "gnu++20";
				CLANG_ENABLE_MODULES = YES;
				CLANG_ENABLE_OBJC_ARC = YES;
				CLANG_ENABLE_OBJC_WEAK = YES;
				CLANG_WARN_BLOCK_CAPTURE_AUTORELEASING = YES;
				CLANG_WARN_BOOL_CONVERSION = YES;
				CLANG_WARN_COMMA = YES;
				CLANG_WARN_CONSTANT_CONVERSION = YES;
				CLANG_WARN_DEPRECATED_OBJC_IMPLEMENTATIONS = YES;
				CLANG_WARN_DIRECT_OBJC_ISA_USAGE = YES_ERROR;
				CLANG_WARN_DOCUMENTATION_COMMENTS = YES;
				CLANG_WARN_EMPTY_BODY = YES;
				CLANG_WARN_ENUM_CONVERSION = YES;
				CLANG_WARN_INFINITE_RECURSION = YES;
				CLANG_WARN_INT_CONVERSION = YES;
				CLANG_WARN_NON_LITERAL_NULL_CONVERSION = YES;
				CLANG_WARN_OBJC_IMPLICIT_RETAIN_SELF = YES;
				CLANG_WARN_OBJC_LITERAL_CONVERSION = YES;
				CLANG_WARN_OBJC_ROOT_CLASS = YES_ERROR;
				CLANG_WARN_QUOTED_INCLUDE_IN_FRAMEWORK_HEADER = YES;
				CLANG_WARN_RANGE_LOOP_ANALYSIS = YES;
				CLANG_WARN_STRICT_PROTOTYPES = YES;
				CLANG_WARN_SUSPICIOUS_MOVE = YES;
				CLANG_WARN_UNGUARDED_AVAILABILITY = YES_AGGRESSIVE;
				CLANG_WARN_UNREACHABLE_CODE = YES;
				CLANG_WARN__DUPLICATE_METHOD_MATCH = YES;
				COPY_PHASE_STRIP = NO;
				DEBUG_INFORMATION_FORMAT = "dwarf-with-dsym";
				ENABLE_NS_ASSERTIONS = NO;
				ENABLE_STRICT_OBJC_MSGSEND = YES;
				ENABLE_USER_SCRIPT_SANDBOXING = YES;
				GCC_C_LANGUAGE_STANDARD = gnu17;
				GCC_NO_COMMON_BLOCKS = YES;
				GCC_WARN_64_TO_32_BIT_CONVERSION = YES;
				GCC_WARN_ABOUT_RETURN_TYPE = YES_ERROR;
				GCC_WARN_UNDECLARED_SELECTOR = YES;
				GCC_WARN_UNINITIALIZED_AUTOS = YES_AGGRESSIVE;
				GCC_WARN_UNUSED_FUNCTION = YES;
				GCC_WARN_UNUSED_VARIABLE = YES;
				IPHONEOS_DEPLOYMENT_TARGET = 17.5;
				LOCALIZATION_PREFERS_STRING_CATALOGS = YES;
				MTL_ENABLE_DEBUG_INFO = NO;
				MTL_FAST_MATH = YES;
				SDKROOT = iphoneos;
				SWIFT_COMPILATION_MODE = wholemodule;
				VALIDATE_PRODUCT = YES;
			};
			name = Release;
		};
		84D173CB2C3D6E770082C6FC /* Debug */ = {
			isa = XCBuildConfiguration;
			baseConfigurationReference = 12BA7C2156A2433A62446957 /* Pods-QR-Reader.debug.xcconfig */;
			buildSettings = {
				ASSETCATALOG_COMPILER_APPICON_NAME = AppIcon;
				ASSETCATALOG_COMPILER_GLOBAL_ACCENT_COLOR_NAME = AccentColor;
				CODE_SIGN_STYLE = Automatic;
				CURRENT_PROJECT_VERSION = 1;
				DEVELOPMENT_TEAM = 3X28W92P7Z;
				ENABLE_USER_SCRIPT_SANDBOXING = NO;
				GENERATE_INFOPLIST_FILE = YES;
				INFOPLIST_FILE = "QR-Reader/Info.plist";
				INFOPLIST_KEY_LSApplicationCategoryType = "";
				INFOPLIST_KEY_NSCameraUsageDescription = "To scan QR codes, please enable access to your Camera.";
				INFOPLIST_KEY_NSContactsUsageDescription = "To generate QR code from your contacts.";
				INFOPLIST_KEY_NSPhotoLibraryUsageDescription = "To organize and save your QR codes, the app needs access to your Photos.";
				INFOPLIST_KEY_UIApplicationSupportsIndirectInputEvents = YES;
				INFOPLIST_KEY_UILaunchStoryboardName = LaunchScreen;
				INFOPLIST_KEY_UIMainStoryboardFile = Main;
				INFOPLIST_KEY_UIRequiresFullScreen = YES;
				INFOPLIST_KEY_UISupportedInterfaceOrientations = UIInterfaceOrientationPortrait;
				INFOPLIST_KEY_UIUserInterfaceStyle = Light;
				LD_RUNPATH_SEARCH_PATHS = (
					"$(inherited)",
					"@executable_path/Frameworks",
				);
				MARKETING_VERSION = 1.0;
				PRODUCT_BUNDLE_IDENTIFIER = "com.dev.QR-Reader";
				PRODUCT_NAME = "$(TARGET_NAME)";
				SWIFT_EMIT_LOC_STRINGS = YES;
				SWIFT_VERSION = 5.0;
				TARGETED_DEVICE_FAMILY = "1,2";
			};
			name = Debug;
		};
		84D173CC2C3D6E770082C6FC /* Release */ = {
			isa = XCBuildConfiguration;
			baseConfigurationReference = BD9EE46DE5CC106D28718D51 /* Pods-QR-Reader.release.xcconfig */;
			buildSettings = {
				ASSETCATALOG_COMPILER_APPICON_NAME = AppIcon;
				ASSETCATALOG_COMPILER_GLOBAL_ACCENT_COLOR_NAME = AccentColor;
				CODE_SIGN_STYLE = Automatic;
				CURRENT_PROJECT_VERSION = 1;
				DEVELOPMENT_TEAM = 3X28W92P7Z;
				ENABLE_USER_SCRIPT_SANDBOXING = NO;
				GENERATE_INFOPLIST_FILE = YES;
				INFOPLIST_FILE = "QR-Reader/Info.plist";
				INFOPLIST_KEY_LSApplicationCategoryType = "";
				INFOPLIST_KEY_NSCameraUsageDescription = "To scan QR codes, please enable access to your Camera.";
				INFOPLIST_KEY_NSContactsUsageDescription = "To generate QR code from your contacts.";
				INFOPLIST_KEY_NSPhotoLibraryUsageDescription = "To organize and save your QR codes, the app needs access to your Photos.";
				INFOPLIST_KEY_UIApplicationSupportsIndirectInputEvents = YES;
				INFOPLIST_KEY_UILaunchStoryboardName = LaunchScreen;
				INFOPLIST_KEY_UIMainStoryboardFile = Main;
				INFOPLIST_KEY_UIRequiresFullScreen = YES;
				INFOPLIST_KEY_UISupportedInterfaceOrientations = UIInterfaceOrientationPortrait;
				INFOPLIST_KEY_UIUserInterfaceStyle = Light;
				LD_RUNPATH_SEARCH_PATHS = (
					"$(inherited)",
					"@executable_path/Frameworks",
				);
				MARKETING_VERSION = 1.0;
				PRODUCT_BUNDLE_IDENTIFIER = "com.dev.QR-Reader";
				PRODUCT_NAME = "$(TARGET_NAME)";
				SWIFT_EMIT_LOC_STRINGS = YES;
				SWIFT_VERSION = 5.0;
				TARGETED_DEVICE_FAMILY = "1,2";
			};
			name = Release;
		};
/* End XCBuildConfiguration section */

/* Begin XCConfigurationList section */
		84D1739B2C3D6E750082C6FC /* Build configuration list for PBXProject "QR-Reader" */ = {
			isa = XCConfigurationList;
			buildConfigurations = (
				84D173C82C3D6E770082C6FC /* Debug */,
				84D173C92C3D6E770082C6FC /* Release */,
			);
			defaultConfigurationIsVisible = 0;
			defaultConfigurationName = Release;
		};
		84D173CA2C3D6E770082C6FC /* Build configuration list for PBXNativeTarget "QR-Reader" */ = {
			isa = XCConfigurationList;
			buildConfigurations = (
				84D173CB2C3D6E770082C6FC /* Debug */,
				84D173CC2C3D6E770082C6FC /* Release */,
			);
			defaultConfigurationIsVisible = 0;
			defaultConfigurationName = Release;
		};
/* End XCConfigurationList section */
	};
	rootObject = 84D173982C3D6E750082C6FC /* Project object */;
}
